
Microsoft Visual Studio Solution File, Format Version 12.00
# Visual Studio Version 17
VisualStudioVersion = 17.1.32414.318
MinimumVisualStudioVersion = 10.0.40219.1
Project("{FAE04EC0-301F-11D3-BF4B-00C04F79EFBC}") = "ExamManageSystem", "ExamManageSystem\ExamManageSystem.csproj", "{5EE0AA08-5C51-46F2-B771-BED27187E3FD}"
EndProject
Global
	GlobalSection(SolutionConfigurationPlatforms) = preSolution
		Debug|Any CPU = Debug|Any CPU
		Release|Any CPU = Release|Any CPU
	EndGlobalSection
	GlobalSection(ProjectConfigurationPlatforms) = postSolution
		{5EE0AA08-5C51-46F2-B771-BED27187E3FD}.Debug|Any CPU.ActiveCfg = Debug|Any CPU
		{5EE0AA08-5C51-46F2-B771-BED27187E3FD}.Debug|Any CPU.Build.0 = Debug|Any CPU
		{5EE0AA08-5C51-46F2-B771-BED27187E3FD}.Release|Any CPU.ActiveCfg = Release|Any CPU
		{5EE0AA08-5C51-46F2-B771-BED27187E3FD}.Release|Any CPU.Build.0 = Release|Any CPU
	EndGlobalSection
	GlobalSection(SolutionProperties) = preSolution
		HideSolutionNode = FALSE
	EndGlobalSection
	GlobalSection(ExtensibilityGlobals) = postSolution
		SolutionGuid = {E9B79F2C-9EC4-4058-A0DB-FB9A613E7719}
	EndGlobalSection
EndGlobal
